
Microsoft Visual Studio Solution File, Format Version 12.00
# Visual Studio Version 17
VisualStudioVersion = 17.10.34928.147
MinimumVisualStudioVersion = 10.0.40219.1
Project("{9A19103F-16F7-4668-BE54-9A1E7A4F7556}") = "EasyConnect", "EasyConnect.csproj", "{4A9FDBD8-22D9-4DD4-A256-43EDBEE23BBA}"
EndProject
Global
	GlobalSection(SolutionConfigurationPlatforms) = preSolution
		Debug|Any CPU = Debug|Any CPU
		Release|Any CPU = Release|Any CPU
	EndGlobalSection
	GlobalSection(ProjectConfigurationPlatforms) = postSolution
		{4A9FDBD8-22D9-4DD4-A256-43EDBEE23BBA}.Debug|Any CPU.ActiveCfg = Debug|Any CPU
		{4A9FDBD8-22D9-4DD4-A256-43EDBEE23BBA}.Debug|Any CPU.Build.0 = Debug|Any CPU
		{4A9FDBD8-22D9-4DD4-A256-43EDBEE23BBA}.Release|Any CPU.ActiveCfg = Release|Any CPU
		{4A9FDBD8-22D9-4DD4-A256-43EDBEE23BBA}.Release|Any CPU.Build.0 = Release|Any CPU
	EndGlobalSection
	GlobalSection(SolutionProperties) = preSolution
		HideSolutionNode = FALSE
	EndGlobalSection
	GlobalSection(ExtensibilityGlobals) = postSolution
		SolutionGuid = {D3C46709-4974-48A2-8C9C-D07B5D035C5F}
	EndGlobalSection
EndGlobal
